
Microsoft Visual Studio Solution File, Format Version 12.00
# Visual Studio Version 17
VisualStudioVersion = 17.4.33205.214
MinimumVisualStudioVersion = 10.0.40219.1
Project("{FAE04EC0-301F-11D3-BF4B-00C04F79EFBC}") = "rulls", "WindowsFormsApp3\rulls.csproj", "{0099C6B5-52BD-4752-9871-73F1CF8A4AEE}"
EndProject
Global
	GlobalSection(SolutionConfigurationPlatforms) = preSolution
		Debug|Any CPU = Debug|Any CPU
		Release|Any CPU = Release|Any CPU
	EndGlobalSection
	GlobalSection(ProjectConfigurationPlatforms) = postSolution
		{0099C6B5-52BD-4752-9871-73F1CF8A4AEE}.Debug|Any CPU.ActiveCfg = Debug|Any CPU
		{0099C6B5-52BD-4752-9871-73F1CF8A4AEE}.Debug|Any CPU.Build.0 = Debug|Any CPU
		{0099C6B5-52BD-4752-9871-73F1CF8A4AEE}.Release|Any CPU.ActiveCfg = Release|Any CPU
		{0099C6B5-52BD-4752-9871-73F1CF8A4AEE}.Release|Any CPU.Build.0 = Release|Any CPU
	EndGlobalSection
	GlobalSection(SolutionProperties) = preSolution
		HideSolutionNode = FALSE
	EndGlobalSection
	GlobalSection(ExtensibilityGlobals) = postSolution
		SolutionGuid = {87D82A53-E368-42C0-AE64-3ECE16261F3C}
	EndGlobalSection
EndGlobal
